// !$*UTF8*$!
{
	archiveVersion = 1;
	classes = {
	};
	objectVersion = 56;
	objects = {

/* Begin PBXBuildFile section */
		DD47B65A2B687989000B9BBD /* AppDelegate.swift in Sources */ = {isa = PBXBuildFile; fileRef = DD47B6592B687989000B9BBD /* AppDelegate.swift */; };
		DD47B65C2B687989000B9BBD /* SceneDelegate.swift in Sources */ = {isa = PBXBuildFile; fileRef = DD47B65B2B687989000B9BBD /* SceneDelegate.swift */; };
		DD47B65E2B687989000B9BBD /* ViewController.swift in Sources */ = {isa = PBXBuildFile; fileRef = DD47B65D2B687989000B9BBD /* ViewController.swift */; };
		DD47B6612B687989000B9BBD /* Main.storyboard in Resources */ = {isa = PBXBuildFile; fileRef = DD47B65F2B687989000B9BBD /* Main.storyboard */; };
		DD47B6632B68798B000B9BBD /* Assets.xcassets in Resources */ = {isa = PBXBuildFile; fileRef = DD47B6622B68798B000B9BBD /* Assets.xcassets */; };
		DD47B66E2B687B03000B9BBD /* LogInView.swift in Sources */ = {isa = PBXBuildFile; fileRef = DD47B66D2B687B03000B9BBD /* LogInView.swift */; };
		DD48A4582B7D433A0098256E /* SignUpView.swift in Sources */ = {isa = PBXBuildFile; fileRef = DD48A4572B7D433A0098256E /* SignUpView.swift */; };
		DD48A45A2B7D43620098256E /* ExploreView.swift in Sources */ = {isa = PBXBuildFile; fileRef = DD48A4592B7D43620098256E /* ExploreView.swift */; };
		DD8D92FC2B7AE878002CD39C /* GoogleService-Info.plist in Resources */ = {isa = PBXBuildFile; fileRef = DD8D92FB2B7AE878002CD39C /* GoogleService-Info.plist */; };
		DD8D92FF2B7AE9D3002CD39C /* FirebaseAnalytics in Frameworks */ = {isa = PBXBuildFile; productRef = DD8D92FE2B7AE9D3002CD39C /* FirebaseAnalytics */; };
		DD8D93012B7AE9D3002CD39C /* FirebaseAnalyticsOnDeviceConversion in Frameworks */ = {isa = PBXBuildFile; productRef = DD8D93002B7AE9D3002CD39C /* FirebaseAnalyticsOnDeviceConversion */; };
		DD8D93032B7AE9D3002CD39C /* FirebaseAnalyticsSwift in Frameworks */ = {isa = PBXBuildFile; productRef = DD8D93022B7AE9D3002CD39C /* FirebaseAnalyticsSwift */; };
		DD8D93052B7AE9D3002CD39C /* FirebaseAnalyticsWithoutAdIdSupport in Frameworks */ = {isa = PBXBuildFile; productRef = DD8D93042B7AE9D3002CD39C /* FirebaseAnalyticsWithoutAdIdSupport */; };
		DD8D93072B7AE9D3002CD39C /* FirebaseAppCheck in Frameworks */ = {isa = PBXBuildFile; productRef = DD8D93062B7AE9D3002CD39C /* FirebaseAppCheck */; };
		DD8D93092B7AE9D3002CD39C /* FirebaseAppDistribution-Beta in Frameworks */ = {isa = PBXBuildFile; productRef = DD8D93082B7AE9D3002CD39C /* FirebaseAppDistribution-Beta */; };
		DD8D930B2B7AE9D3002CD39C /* FirebaseAuth in Frameworks */ = {isa = PBXBuildFile; productRef = DD8D930A2B7AE9D3002CD39C /* FirebaseAuth */; };
		DD8D930D2B7AE9D3002CD39C /* FirebaseAuthCombine-Community in Frameworks */ = {isa = PBXBuildFile; productRef = DD8D930C2B7AE9D3002CD39C /* FirebaseAuthCombine-Community */; };
		DD8D930F2B7AE9D3002CD39C /* FirebaseCrashlytics in Frameworks */ = {isa = PBXBuildFile; productRef = DD8D930E2B7AE9D3002CD39C /* FirebaseCrashlytics */; };
		DD8D93112B7AE9D3002CD39C /* FirebaseDatabase in Frameworks */ = {isa = PBXBuildFile; productRef = DD8D93102B7AE9D3002CD39C /* FirebaseDatabase */; };
		DD8D93132B7AE9D3002CD39C /* FirebaseDatabaseSwift in Frameworks */ = {isa = PBXBuildFile; productRef = DD8D93122B7AE9D3002CD39C /* FirebaseDatabaseSwift */; };
		DD8D93152B7AE9D3002CD39C /* FirebaseDynamicLinks in Frameworks */ = {isa = PBXBuildFile; productRef = DD8D93142B7AE9D3002CD39C /* FirebaseDynamicLinks */; };
		DD8D93172B7AE9D3002CD39C /* FirebaseFirestore in Frameworks */ = {isa = PBXBuildFile; productRef = DD8D93162B7AE9D3002CD39C /* FirebaseFirestore */; };
		DD8D93192B7AE9D3002CD39C /* FirebaseFirestoreCombine-Community in Frameworks */ = {isa = PBXBuildFile; productRef = DD8D93182B7AE9D3002CD39C /* FirebaseFirestoreCombine-Community */; };
		DD8D931B2B7AE9D3002CD39C /* FirebaseFirestoreSwift in Frameworks */ = {isa = PBXBuildFile; productRef = DD8D931A2B7AE9D3002CD39C /* FirebaseFirestoreSwift */; };
		DD8D931D2B7AE9D3002CD39C /* FirebaseFunctions in Frameworks */ = {isa = PBXBuildFile; productRef = DD8D931C2B7AE9D3002CD39C /* FirebaseFunctions */; };
		DD8D931F2B7AE9D3002CD39C /* FirebaseFunctionsCombine-Community in Frameworks */ = {isa = PBXBuildFile; productRef = DD8D931E2B7AE9D3002CD39C /* FirebaseFunctionsCombine-Community */; };
		DD8D93212B7AE9D3002CD39C /* FirebaseInAppMessaging-Beta in Frameworks */ = {isa = PBXBuildFile; productRef = DD8D93202B7AE9D3002CD39C /* FirebaseInAppMessaging-Beta */; };
		DD8D93232B7AE9D3002CD39C /* FirebaseInAppMessagingSwift-Beta in Frameworks */ = {isa = PBXBuildFile; productRef = DD8D93222B7AE9D3002CD39C /* FirebaseInAppMessagingSwift-Beta */; };
		DD8D93252B7AE9D3002CD39C /* FirebaseInstallations in Frameworks */ = {isa = PBXBuildFile; productRef = DD8D93242B7AE9D3002CD39C /* FirebaseInstallations */; };
		DD8D93272B7AE9D3002CD39C /* FirebaseMLModelDownloader in Frameworks */ = {isa = PBXBuildFile; productRef = DD8D93262B7AE9D3002CD39C /* FirebaseMLModelDownloader */; };
		DD8D93292B7AE9D3002CD39C /* FirebaseMessaging in Frameworks */ = {isa = PBXBuildFile; productRef = DD8D93282B7AE9D3002CD39C /* FirebaseMessaging */; };
		DD8D932B2B7AE9D3002CD39C /* FirebasePerformance in Frameworks */ = {isa = PBXBuildFile; productRef = DD8D932A2B7AE9D3002CD39C /* FirebasePerformance */; };
		DD8D932D2B7AE9D3002CD39C /* FirebaseRemoteConfig in Frameworks */ = {isa = PBXBuildFile; productRef = DD8D932C2B7AE9D3002CD39C /* FirebaseRemoteConfig */; };
		DD8D932F2B7AE9D3002CD39C /* FirebaseRemoteConfigSwift in Frameworks */ = {isa = PBXBuildFile; productRef = DD8D932E2B7AE9D3002CD39C /* FirebaseRemoteConfigSwift */; };
		DD8D93312B7AE9D3002CD39C /* FirebaseStorage in Frameworks */ = {isa = PBXBuildFile; productRef = DD8D93302B7AE9D3002CD39C /* FirebaseStorage */; };
		DD8D93332B7AE9D3002CD39C /* FirebaseStorageCombine-Community in Frameworks */ = {isa = PBXBuildFile; productRef = DD8D93322B7AE9D3002CD39C /* FirebaseStorageCombine-Community */; };
		DD8D93352B7AF278002CD39C /* Launch Screen.storyboard in Resources */ = {isa = PBXBuildFile; fileRef = DD8D93342B7AF278002CD39C /* Launch Screen.storyboard */; };
		DD8D93C62B7B1AB8002CD39C /* SourceSerif4-Black.ttf in Resources */ = {isa = PBXBuildFile; fileRef = DD8D93C52B7B1AAE002CD39C /* SourceSerif4-Black.ttf */; };
/* End PBXBuildFile section */

/* Begin PBXFileReference section */
		DD47B6562B687989000B9BBD /* nailARt.app */ = {isa = PBXFileReference; explicitFileType = wrapper.application; includeInIndex = 0; path = nailARt.app; sourceTree = BUILT_PRODUCTS_DIR; };
		DD47B6592B687989000B9BBD /* AppDelegate.swift */ = {isa = PBXFileReference; lastKnownFileType = sourcecode.swift; path = AppDelegate.swift; sourceTree = "<group>"; };
		DD47B65B2B687989000B9BBD /* SceneDelegate.swift */ = {isa = PBXFileReference; lastKnownFileType = sourcecode.swift; path = SceneDelegate.swift; sourceTree = "<group>"; };
		DD47B65D2B687989000B9BBD /* ViewController.swift */ = {isa = PBXFileReference; lastKnownFileType = sourcecode.swift; path = ViewController.swift; sourceTree = "<group>"; };
		DD47B6602B687989000B9BBD /* Base */ = {isa = PBXFileReference; lastKnownFileType = file.storyboard; name = Base; path = Base.lproj/Main.storyboard; sourceTree = "<group>"; };
		DD47B6622B68798B000B9BBD /* Assets.xcassets */ = {isa = PBXFileReference; lastKnownFileType = folder.assetcatalog; path = Assets.xcassets; sourceTree = "<group>"; };
		DD47B6672B68798B000B9BBD /* Info.plist */ = {isa = PBXFileReference; lastKnownFileType = text.plist.xml; path = Info.plist; sourceTree = "<group>"; };
		DD47B66D2B687B03000B9BBD /* LogInView.swift */ = {isa = PBXFileReference; lastKnownFileType = sourcecode.swift; path = LogInView.swift; sourceTree = "<group>"; };
		DD48A4572B7D433A0098256E /* SignUpView.swift */ = {isa = PBXFileReference; lastKnownFileType = sourcecode.swift; path = SignUpView.swift; sourceTree = "<group>"; };
		DD48A4592B7D43620098256E /* ExploreView.swift */ = {isa = PBXFileReference; lastKnownFileType = sourcecode.swift; path = ExploreView.swift; sourceTree = "<group>"; };
		DD8D92FB2B7AE878002CD39C /* GoogleService-Info.plist */ = {isa = PBXFileReference; fileEncoding = 4; lastKnownFileType = text.plist.xml; name = "GoogleService-Info.plist"; path = "../../../../Downloads/GoogleService-Info.plist"; sourceTree = "<group>"; };
		DD8D93342B7AF278002CD39C /* Launch Screen.storyboard */ = {isa = PBXFileReference; lastKnownFileType = file.storyboard; path = "Launch Screen.storyboard"; sourceTree = "<group>"; };
		DD8D93C52B7B1AAE002CD39C /* SourceSerif4-Black.ttf */ = {isa = PBXFileReference; lastKnownFileType = file; path = "SourceSerif4-Black.ttf"; sourceTree = "<group>"; };
/* End PBXFileReference section */

/* Begin PBXFrameworksBuildPhase section */
		DD47B6532B687989000B9BBD /* Frameworks */ = {
			isa = PBXFrameworksBuildPhase;
			buildActionMask = 2147483647;
			files = (
				DD8D93112B7AE9D3002CD39C /* FirebaseDatabase in Frameworks */,
				DD8D931F2B7AE9D3002CD39C /* FirebaseFunctionsCombine-Community in Frameworks */,
				DD8D93172B7AE9D3002CD39C /* FirebaseFirestore in Frameworks */,
				DD8D93032B7AE9D3002CD39C /* FirebaseAnalyticsSwift in Frameworks */,
				DD8D92FF2B7AE9D3002CD39C /* FirebaseAnalytics in Frameworks */,
				DD8D93012B7AE9D3002CD39C /* FirebaseAnalyticsOnDeviceConversion in Frameworks */,
				DD8D93272B7AE9D3002CD39C /* FirebaseMLModelDownloader in Frameworks */,
				DD8D931B2B7AE9D3002CD39C /* FirebaseFirestoreSwift in Frameworks */,
				DD8D93072B7AE9D3002CD39C /* FirebaseAppCheck in Frameworks */,
				DD8D93052B7AE9D3002CD39C /* FirebaseAnalyticsWithoutAdIdSupport in Frameworks */,
				DD8D930B2B7AE9D3002CD39C /* FirebaseAuth in Frameworks */,
				DD8D930F2B7AE9D3002CD39C /* FirebaseCrashlytics in Frameworks */,
				DD8D932F2B7AE9D3002CD39C /* FirebaseRemoteConfigSwift in Frameworks */,
				DD8D93212B7AE9D3002CD39C /* FirebaseInAppMessaging-Beta in Frameworks */,
				DD8D93132B7AE9D3002CD39C /* FirebaseDatabaseSwift in Frameworks */,
				DD8D931D2B7AE9D3002CD39C /* FirebaseFunctions in Frameworks */,
				DD8D93332B7AE9D3002CD39C /* FirebaseStorageCombine-Community in Frameworks */,
				DD8D932D2B7AE9D3002CD39C /* FirebaseRemoteConfig in Frameworks */,
				DD8D93092B7AE9D3002CD39C /* FirebaseAppDistribution-Beta in Frameworks */,
				DD8D930D2B7AE9D3002CD39C /* FirebaseAuthCombine-Community in Frameworks */,
				DD8D932B2B7AE9D3002CD39C /* FirebasePerformance in Frameworks */,
				DD8D93232B7AE9D3002CD39C /* FirebaseInAppMessagingSwift-Beta in Frameworks */,
				DD8D93312B7AE9D3002CD39C /* FirebaseStorage in Frameworks */,
				DD8D93152B7AE9D3002CD39C /* FirebaseDynamicLinks in Frameworks */,
				DD8D93192B7AE9D3002CD39C /* FirebaseFirestoreCombine-Community in Frameworks */,
				DD8D93292B7AE9D3002CD39C /* FirebaseMessaging in Frameworks */,
				DD8D93252B7AE9D3002CD39C /* FirebaseInstallations in Frameworks */,
			);
			runOnlyForDeploymentPostprocessing = 0;
		};
/* End PBXFrameworksBuildPhase section */

/* Begin PBXGroup section */
		DD47B64D2B687989000B9BBD = {
			isa = PBXGroup;
			children = (
				DD47B6582B687989000B9BBD /* nailARt */,
				DD47B6572B687989000B9BBD /* Products */,
			);
			sourceTree = "<group>";
		};
		DD47B6572B687989000B9BBD /* Products */ = {
			isa = PBXGroup;
			children = (
				DD47B6562B687989000B9BBD /* nailARt.app */,
			);
			name = Products;
			sourceTree = "<group>";
		};
		DD47B6582B687989000B9BBD /* nailARt */ = {
			isa = PBXGroup;
			children = (
				DD8D93C52B7B1AAE002CD39C /* SourceSerif4-Black.ttf */,
				DD47B6592B687989000B9BBD /* AppDelegate.swift */,
				DD47B65B2B687989000B9BBD /* SceneDelegate.swift */,
				DD47B65D2B687989000B9BBD /* ViewController.swift */,
				DD47B66D2B687B03000B9BBD /* LogInView.swift */,
				DD48A4572B7D433A0098256E /* SignUpView.swift */,
				DD48A4592B7D43620098256E /* ExploreView.swift */,
				DD47B65F2B687989000B9BBD /* Main.storyboard */,
				DD8D93342B7AF278002CD39C /* Launch Screen.storyboard */,
				DD47B6622B68798B000B9BBD /* Assets.xcassets */,
				DD47B6672B68798B000B9BBD /* Info.plist */,
				DD8D92FB2B7AE878002CD39C /* GoogleService-Info.plist */,
			);
			path = nailARt;
			sourceTree = "<group>";
		};
/* End PBXGroup section */

/* Begin PBXNativeTarget section */
		DD47B6552B687989000B9BBD /* nailARt */ = {
			isa = PBXNativeTarget;
			buildConfigurationList = DD47B66A2B68798B000B9BBD /* Build configuration list for PBXNativeTarget "nailARt" */;
			buildPhases = (
				DD47B6522B687989000B9BBD /* Sources */,
				DD47B6532B687989000B9BBD /* Frameworks */,
				DD47B6542B687989000B9BBD /* Resources */,
			);
			buildRules = (
			);
			dependencies = (
			);
			name = nailARt;
			packageProductDependencies = (
				DD8D92FE2B7AE9D3002CD39C /* FirebaseAnalytics */,
				DD8D93002B7AE9D3002CD39C /* FirebaseAnalyticsOnDeviceConversion */,
				DD8D93022B7AE9D3002CD39C /* FirebaseAnalyticsSwift */,
				DD8D93042B7AE9D3002CD39C /* FirebaseAnalyticsWithoutAdIdSupport */,
				DD8D93062B7AE9D3002CD39C /* FirebaseAppCheck */,
				DD8D93082B7AE9D3002CD39C /* FirebaseAppDistribution-Beta */,
				DD8D930A2B7AE9D3002CD39C /* FirebaseAuth */,
				DD8D930C2B7AE9D3002CD39C /* FirebaseAuthCombine-Community */,
				DD8D930E2B7AE9D3002CD39C /* FirebaseCrashlytics */,
				DD8D93102B7AE9D3002CD39C /* FirebaseDatabase */,
				DD8D93122B7AE9D3002CD39C /* FirebaseDatabaseSwift */,
				DD8D93142B7AE9D3002CD39C /* FirebaseDynamicLinks */,
				DD8D93162B7AE9D3002CD39C /* FirebaseFirestore */,
				DD8D93182B7AE9D3002CD39C /* FirebaseFirestoreCombine-Community */,
				DD8D931A2B7AE9D3002CD39C /* FirebaseFirestoreSwift */,
				DD8D931C2B7AE9D3002CD39C /* FirebaseFunctions */,
				DD8D931E2B7AE9D3002CD39C /* FirebaseFunctionsCombine-Community */,
				DD8D93202B7AE9D3002CD39C /* FirebaseInAppMessaging-Beta */,
				DD8D93222B7AE9D3002CD39C /* FirebaseInAppMessagingSwift-Beta */,
				DD8D93242B7AE9D3002CD39C /* FirebaseInstallations */,
				DD8D93262B7AE9D3002CD39C /* FirebaseMLModelDownloader */,
				DD8D93282B7AE9D3002CD39C /* FirebaseMessaging */,
				DD8D932A2B7AE9D3002CD39C /* FirebasePerformance */,
				DD8D932C2B7AE9D3002CD39C /* FirebaseRemoteConfig */,
				DD8D932E2B7AE9D3002CD39C /* FirebaseRemoteConfigSwift */,
				DD8D93302B7AE9D3002CD39C /* FirebaseStorage */,
				DD8D93322B7AE9D3002CD39C /* FirebaseStorageCombine-Community */,
			);
			productName = nailARt;
			productReference = DD47B6562B687989000B9BBD /* nailARt.app */;
			productType = "com.apple.product-type.application";
		};
/* End PBXNativeTarget section */

/* Begin PBXProject section */
		DD47B64E2B687989000B9BBD /* Project object */ = {
			isa = PBXProject;
			attributes = {
				BuildIndependentTargetsInParallel = 1;
				LastSwiftUpdateCheck = 1520;
				LastUpgradeCheck = 1520;
				TargetAttributes = {
					DD47B6552B687989000B9BBD = {
						CreatedOnToolsVersion = 15.2;
					};
				};
			};
			buildConfigurationList = DD47B6512B687989000B9BBD /* Build configuration list for PBXProject "nailARt" */;
			compatibilityVersion = "Xcode 14.0";
			developmentRegion = en;
			hasScannedForEncodings = 0;
			knownRegions = (
				en,
				Base,
			);
			mainGroup = DD47B64D2B687989000B9BBD;
			packageReferences = (
				DD8D92FD2B7AE9D3002CD39C /* XCRemoteSwiftPackageReference "firebase-ios-sdk" */,
			);
			productRefGroup = DD47B6572B687989000B9BBD /* Products */;
			projectDirPath = "";
			projectRoot = "";
			targets = (
				DD47B6552B687989000B9BBD /* nailARt */,
			);
		};
/* End PBXProject section */

/* Begin PBXResourcesBuildPhase section */
		DD47B6542B687989000B9BBD /* Resources */ = {
			isa = PBXResourcesBuildPhase;
			buildActionMask = 2147483647;
			files = (
				DD8D93C62B7B1AB8002CD39C /* SourceSerif4-Black.ttf in Resources */,
				DD8D92FC2B7AE878002CD39C /* GoogleService-Info.plist in Resources */,
				DD47B6632B68798B000B9BBD /* Assets.xcassets in Resources */,
				DD8D93352B7AF278002CD39C /* Launch Screen.storyboard in Resources */,
				DD47B6612B687989000B9BBD /* Main.storyboard in Resources */,
			);
			runOnlyForDeploymentPostprocessing = 0;
		};
/* End PBXResourcesBuildPhase section */

/* Begin PBXSourcesBuildPhase section */
		DD47B6522B687989000B9BBD /* Sources */ = {
			isa = PBXSourcesBuildPhase;
			buildActionMask = 2147483647;
			files = (
				DD47B65E2B687989000B9BBD /* ViewController.swift in Sources */,
				DD48A4582B7D433A0098256E /* SignUpView.swift in Sources */,
				DD47B65A2B687989000B9BBD /* AppDelegate.swift in Sources */,
				DD47B66E2B687B03000B9BBD /* LogInView.swift in Sources */,
				DD48A45A2B7D43620098256E /* ExploreView.swift in Sources */,
				DD47B65C2B687989000B9BBD /* SceneDelegate.swift in Sources */,
			);
			runOnlyForDeploymentPostprocessing = 0;
		};
/* End PBXSourcesBuildPhase section */

/* Begin PBXVariantGroup section */
		DD47B65F2B687989000B9BBD /* Main.storyboard */ = {
			isa = PBXVariantGroup;
			children = (
				DD47B6602B687989000B9BBD /* Base */,
			);
			name = Main.storyboard;
			sourceTree = "<group>";
		};
/* End PBXVariantGroup section */

/* Begin XCBuildConfiguration section */
		DD47B6682B68798B000B9BBD /* Debug */ = {
			isa = XCBuildConfiguration;
			buildSettings = {
				ALWAYS_SEARCH_USER_PATHS = NO;
				ASSETCATALOG_COMPILER_GENERATE_SWIFT_ASSET_SYMBOL_EXTENSIONS = YES;
				CLANG_ANALYZER_NONNULL = YES;
				CLANG_ANALYZER_NUMBER_OBJECT_CONVERSION = YES_AGGRESSIVE;
				CLANG_CXX_LANGUAGE_STANDARD = "gnu++20";
				CLANG_ENABLE_MODULES = YES;
				CLANG_ENABLE_OBJC_ARC = YES;
				CLANG_ENABLE_OBJC_WEAK = YES;
				CLANG_WARN_BLOCK_CAPTURE_AUTORELEASING = YES;
				CLANG_WARN_BOOL_CONVERSION = YES;
				CLANG_WARN_COMMA = YES;
				CLANG_WARN_CONSTANT_CONVERSION = YES;
				CLANG_WARN_DEPRECATED_OBJC_IMPLEMENTATIONS = YES;
				CLANG_WARN_DIRECT_OBJC_ISA_USAGE = YES_ERROR;
				CLANG_WARN_DOCUMENTATION_COMMENTS = YES;
				CLANG_WARN_EMPTY_BODY = YES;
				CLANG_WARN_ENUM_CONVERSION = YES;
				CLANG_WARN_INFINITE_RECURSION = YES;
				CLANG_WARN_INT_CONVERSION = YES;
				CLANG_WARN_NON_LITERAL_NULL_CONVERSION = YES;
				CLANG_WARN_OBJC_IMPLICIT_RETAIN_SELF = YES;
				CLANG_WARN_OBJC_LITERAL_CONVERSION = YES;
				CLANG_WARN_OBJC_ROOT_CLASS = YES_ERROR;
				CLANG_WARN_QUOTED_INCLUDE_IN_FRAMEWORK_HEADER = YES;
				CLANG_WARN_RANGE_LOOP_ANALYSIS = YES;
				CLANG_WARN_STRICT_PROTOTYPES = YES;
				CLANG_WARN_SUSPICIOUS_MOVE = YES;
				CLANG_WARN_UNGUARDED_AVAILABILITY = YES_AGGRESSIVE;
				CLANG_WARN_UNREACHABLE_CODE = YES;
				CLANG_WARN__DUPLICATE_METHOD_MATCH = YES;
				COPY_PHASE_STRIP = NO;
				DEBUG_INFORMATION_FORMAT = dwarf;
				ENABLE_STRICT_OBJC_MSGSEND = YES;
				ENABLE_TESTABILITY = YES;
				ENABLE_USER_SCRIPT_SANDBOXING = YES;
				GCC_C_LANGUAGE_STANDARD = gnu17;
				GCC_DYNAMIC_NO_PIC = NO;
				GCC_NO_COMMON_BLOCKS = YES;
				GCC_OPTIMIZATION_LEVEL = 0;
				GCC_PREPROCESSOR_DEFINITIONS = (
					"DEBUG=1",
					"$(inherited)",
				);
				GCC_WARN_64_TO_32_BIT_CONVERSION = YES;
				GCC_WARN_ABOUT_RETURN_TYPE = YES_ERROR;
				GCC_WARN_UNDECLARED_SELECTOR = YES;
				GCC_WARN_UNINITIALIZED_AUTOS = YES_AGGRESSIVE;
				GCC_WARN_UNUSED_FUNCTION = YES;
				GCC_WARN_UNUSED_VARIABLE = YES;
				IPHONEOS_DEPLOYMENT_TARGET = 17.2;
				LOCALIZATION_PREFERS_STRING_CATALOGS = YES;
				MTL_ENABLE_DEBUG_INFO = INCLUDE_SOURCE;
				MTL_FAST_MATH = YES;
				ONLY_ACTIVE_ARCH = YES;
				SDKROOT = iphoneos;
				SWIFT_ACTIVE_COMPILATION_CONDITIONS = "DEBUG $(inherited)";
				SWIFT_OPTIMIZATION_LEVEL = "-Onone";
			};
			name = Debug;
		};
		DD47B6692B68798B000B9BBD /* Release */ = {
			isa = XCBuildConfiguration;
			buildSettings = {
				ALWAYS_SEARCH_USER_PATHS = NO;
				ASSETCATALOG_COMPILER_GENERATE_SWIFT_ASSET_SYMBOL_EXTENSIONS = YES;
				CLANG_ANALYZER_NONNULL = YES;
				CLANG_ANALYZER_NUMBER_OBJECT_CONVERSION = YES_AGGRESSIVE;
				CLANG_CXX_LANGUAGE_STANDARD = "gnu++20";
				CLANG_ENABLE_MODULES = YES;
				CLANG_ENABLE_OBJC_ARC = YES;
				CLANG_ENABLE_OBJC_WEAK = YES;
				CLANG_WARN_BLOCK_CAPTURE_AUTORELEASING = YES;
				CLANG_WARN_BOOL_CONVERSION = YES;
				CLANG_WARN_COMMA = YES;
				CLANG_WARN_CONSTANT_CONVERSION = YES;
				CLANG_WARN_DEPRECATED_OBJC_IMPLEMENTATIONS = YES;
				CLANG_WARN_DIRECT_OBJC_ISA_USAGE = YES_ERROR;
				CLANG_WARN_DOCUMENTATION_COMMENTS = YES;
				CLANG_WARN_EMPTY_BODY = YES;
				CLANG_WARN_ENUM_CONVERSION = YES;
				CLANG_WARN_INFINITE_RECURSION = YES;
				CLANG_WARN_INT_CONVERSION = YES;
				CLANG_WARN_NON_LITERAL_NULL_CONVERSION = YES;
				CLANG_WARN_OBJC_IMPLICIT_RETAIN_SELF = YES;
				CLANG_WARN_OBJC_LITERAL_CONVERSION = YES;
				CLANG_WARN_OBJC_ROOT_CLASS = YES_ERROR;
				CLANG_WARN_QUOTED_INCLUDE_IN_FRAMEWORK_HEADER = YES;
				CLANG_WARN_RANGE_LOOP_ANALYSIS = YES;
				CLANG_WARN_STRICT_PROTOTYPES = YES;
				CLANG_WARN_SUSPICIOUS_MOVE = YES;
				CLANG_WARN_UNGUARDED_AVAILABILITY = YES_AGGRESSIVE;
				CLANG_WARN_UNREACHABLE_CODE = YES;
				CLANG_WARN__DUPLICATE_METHOD_MATCH = YES;
				COPY_PHASE_STRIP = NO;
				DEBUG_INFORMATION_FORMAT = "dwarf-with-dsym";
				ENABLE_NS_ASSERTIONS = NO;
				ENABLE_STRICT_OBJC_MSGSEND = YES;
				ENABLE_USER_SCRIPT_SANDBOXING = YES;
				GCC_C_LANGUAGE_STANDARD = gnu17;
				GCC_NO_COMMON_BLOCKS = YES;
				GCC_WARN_64_TO_32_BIT_CONVERSION = YES;
				GCC_WARN_ABOUT_RETURN_TYPE = YES_ERROR;
				GCC_WARN_UNDECLARED_SELECTOR = YES;
				GCC_WARN_UNINITIALIZED_AUTOS = YES_AGGRESSIVE;
				GCC_WARN_UNUSED_FUNCTION = YES;
				GCC_WARN_UNUSED_VARIABLE = YES;
				IPHONEOS_DEPLOYMENT_TARGET = 17.2;
				LOCALIZATION_PREFERS_STRING_CATALOGS = YES;
				MTL_ENABLE_DEBUG_INFO = NO;
				MTL_FAST_MATH = YES;
				SDKROOT = iphoneos;
				SWIFT_COMPILATION_MODE = wholemodule;
				VALIDATE_PRODUCT = YES;
			};
			name = Release;
		};
		DD47B66B2B68798B000B9BBD /* Debug */ = {
			isa = XCBuildConfiguration;
			buildSettings = {
				ASSETCATALOG_COMPILER_APPICON_NAME = AppIcon;
				ASSETCATALOG_COMPILER_GLOBAL_ACCENT_COLOR_NAME = AccentColor;
				CODE_SIGN_STYLE = Automatic;
				CURRENT_PROJECT_VERSION = 1;
				GENERATE_INFOPLIST_FILE = YES;
				INFOPLIST_FILE = nailARt/Info.plist;
				INFOPLIST_KEY_UIApplicationSupportsIndirectInputEvents = YES;
				INFOPLIST_KEY_UILaunchStoryboardName = LaunchScreen;
				INFOPLIST_KEY_UIMainStoryboardFile = Main;
				INFOPLIST_KEY_UISupportedInterfaceOrientations_iPad = "UIInterfaceOrientationPortrait UIInterfaceOrientationPortraitUpsideDown UIInterfaceOrientationLandscapeLeft UIInterfaceOrientationLandscapeRight";
				INFOPLIST_KEY_UISupportedInterfaceOrientations_iPhone = "UIInterfaceOrientationPortrait UIInterfaceOrientationLandscapeLeft UIInterfaceOrientationLandscapeRight";
				LD_RUNPATH_SEARCH_PATHS = (
					"$(inherited)",
					"@executable_path/Frameworks",
				);
				MARKETING_VERSION = 1.0;
				PRODUCT_BUNDLE_IDENTIFIER = edu.columbia.nailARt;
				PRODUCT_NAME = "$(TARGET_NAME)";
				SWIFT_EMIT_LOC_STRINGS = YES;
				SWIFT_VERSION = 5.0;
				TARGETED_DEVICE_FAMILY = "1,2";
			};
			name = Debug;
		};
		DD47B66C2B68798B000B9BBD /* Release */ = {
			isa = XCBuildConfiguration;
			buildSettings = {
				ASSETCATALOG_COMPILER_APPICON_NAME = AppIcon;
				ASSETCATALOG_COMPILER_GLOBAL_ACCENT_COLOR_NAME = AccentColor;
				CODE_SIGN_STYLE = Automatic;
				CURRENT_PROJECT_VERSION = 1;
				GENERATE_INFOPLIST_FILE = YES;
				INFOPLIST_FILE = nailARt/Info.plist;
				INFOPLIST_KEY_UIApplicationSupportsIndirectInputEvents = YES;
				INFOPLIST_KEY_UILaunchStoryboardName = LaunchScreen;
				INFOPLIST_KEY_UIMainStoryboardFile = Main;
				INFOPLIST_KEY_UISupportedInterfaceOrientations_iPad = "UIInterfaceOrientationPortrait UIInterfaceOrientationPortraitUpsideDown UIInterfaceOrientationLandscapeLeft UIInterfaceOrientationLandscapeRight";
				INFOPLIST_KEY_UISupportedInterfaceOrientations_iPhone = "UIInterfaceOrientationPortrait UIInterfaceOrientationLandscapeLeft UIInterfaceOrientationLandscapeRight";
				LD_RUNPATH_SEARCH_PATHS = (
					"$(inherited)",
					"@executable_path/Frameworks",
				);
				MARKETING_VERSION = 1.0;
				PRODUCT_BUNDLE_IDENTIFIER = edu.columbia.nailARt;
				PRODUCT_NAME = "$(TARGET_NAME)";
				SWIFT_EMIT_LOC_STRINGS = YES;
				SWIFT_VERSION = 5.0;
				TARGETED_DEVICE_FAMILY = "1,2";
			};
			name = Release;
		};
/* End XCBuildConfiguration section */

/* Begin XCConfigurationList section */
		DD47B6512B687989000B9BBD /* Build configuration list for PBXProject "nailARt" */ = {
			isa = XCConfigurationList;
			buildConfigurations = (
				DD47B6682B68798B000B9BBD /* Debug */,
				DD47B6692B68798B000B9BBD /* Release */,
			);
			defaultConfigurationIsVisible = 0;
			defaultConfigurationName = Release;
		};
		DD47B66A2B68798B000B9BBD /* Build configuration list for PBXNativeTarget "nailARt" */ = {
			isa = XCConfigurationList;
			buildConfigurations = (
				DD47B66B2B68798B000B9BBD /* Debug */,
				DD47B66C2B68798B000B9BBD /* Release */,
			);
			defaultConfigurationIsVisible = 0;
			defaultConfigurationName = Release;
		};
/* End XCConfigurationList section */

/* Begin XCRemoteSwiftPackageReference section */
		DD8D92FD2B7AE9D3002CD39C /* XCRemoteSwiftPackageReference "firebase-ios-sdk" */ = {
			isa = XCRemoteSwiftPackageReference;
			repositoryURL = "https://github.com/firebase/firebase-ios-sdk";
			requirement = {
				kind = upToNextMajorVersion;
				minimumVersion = 10.21.0;
			};
		};
/* End XCRemoteSwiftPackageReference section */

/* Begin XCSwiftPackageProductDependency section */
		DD8D92FE2B7AE9D3002CD39C /* FirebaseAnalytics */ = {
			isa = XCSwiftPackageProductDependency;
			package = DD8D92FD2B7AE9D3002CD39C /* XCRemoteSwiftPackageReference "firebase-ios-sdk" */;
			productName = FirebaseAnalytics;
		};
		DD8D93002B7AE9D3002CD39C /* FirebaseAnalyticsOnDeviceConversion */ = {
			isa = XCSwiftPackageProductDependency;
			package = DD8D92FD2B7AE9D3002CD39C /* XCRemoteSwiftPackageReference "firebase-ios-sdk" */;
			productName = FirebaseAnalyticsOnDeviceConversion;
		};
		DD8D93022B7AE9D3002CD39C /* FirebaseAnalyticsSwift */ = {
			isa = XCSwiftPackageProductDependency;
			package = DD8D92FD2B7AE9D3002CD39C /* XCRemoteSwiftPackageReference "firebase-ios-sdk" */;
			productName = FirebaseAnalyticsSwift;
		};
		DD8D93042B7AE9D3002CD39C /* FirebaseAnalyticsWithoutAdIdSupport */ = {
			isa = XCSwiftPackageProductDependency;
			package = DD8D92FD2B7AE9D3002CD39C /* XCRemoteSwiftPackageReference "firebase-ios-sdk" */;
			productName = FirebaseAnalyticsWithoutAdIdSupport;
		};
		DD8D93062B7AE9D3002CD39C /* FirebaseAppCheck */ = {
			isa = XCSwiftPackageProductDependency;
			package = DD8D92FD2B7AE9D3002CD39C /* XCRemoteSwiftPackageReference "firebase-ios-sdk" */;
			productName = FirebaseAppCheck;
		};
		DD8D93082B7AE9D3002CD39C /* FirebaseAppDistribution-Beta */ = {
			isa = XCSwiftPackageProductDependency;
			package = DD8D92FD2B7AE9D3002CD39C /* XCRemoteSwiftPackageReference "firebase-ios-sdk" */;
			productName = "FirebaseAppDistribution-Beta";
		};
		DD8D930A2B7AE9D3002CD39C /* FirebaseAuth */ = {
			isa = XCSwiftPackageProductDependency;
			package = DD8D92FD2B7AE9D3002CD39C /* XCRemoteSwiftPackageReference "firebase-ios-sdk" */;
			productName = FirebaseAuth;
		};
		DD8D930C2B7AE9D3002CD39C /* FirebaseAuthCombine-Community */ = {
			isa = XCSwiftPackageProductDependency;
			package = DD8D92FD2B7AE9D3002CD39C /* XCRemoteSwiftPackageReference "firebase-ios-sdk" */;
			productName = "FirebaseAuthCombine-Community";
		};
		DD8D930E2B7AE9D3002CD39C /* FirebaseCrashlytics */ = {
			isa = XCSwiftPackageProductDependency;
			package = DD8D92FD2B7AE9D3002CD39C /* XCRemoteSwiftPackageReference "firebase-ios-sdk" */;
			productName = FirebaseCrashlytics;
		};
		DD8D93102B7AE9D3002CD39C /* FirebaseDatabase */ = {
			isa = XCSwiftPackageProductDependency;
			package = DD8D92FD2B7AE9D3002CD39C /* XCRemoteSwiftPackageReference "firebase-ios-sdk" */;
			productName = FirebaseDatabase;
		};
		DD8D93122B7AE9D3002CD39C /* FirebaseDatabaseSwift */ = {
			isa = XCSwiftPackageProductDependency;
			package = DD8D92FD2B7AE9D3002CD39C /* XCRemoteSwiftPackageReference "firebase-ios-sdk" */;
			productName = FirebaseDatabaseSwift;
		};
		DD8D93142B7AE9D3002CD39C /* FirebaseDynamicLinks */ = {
			isa = XCSwiftPackageProductDependency;
			package = DD8D92FD2B7AE9D3002CD39C /* XCRemoteSwiftPackageReference "firebase-ios-sdk" */;
			productName = FirebaseDynamicLinks;
		};
		DD8D93162B7AE9D3002CD39C /* FirebaseFirestore */ = {
			isa = XCSwiftPackageProductDependency;
			package = DD8D92FD2B7AE9D3002CD39C /* XCRemoteSwiftPackageReference "firebase-ios-sdk" */;
			productName = FirebaseFirestore;
		};
		DD8D93182B7AE9D3002CD39C /* FirebaseFirestoreCombine-Community */ = {
			isa = XCSwiftPackageProductDependency;
			package = DD8D92FD2B7AE9D3002CD39C /* XCRemoteSwiftPackageReference "firebase-ios-sdk" */;
			productName = "FirebaseFirestoreCombine-Community";
		};
		DD8D931A2B7AE9D3002CD39C /* FirebaseFirestoreSwift */ = {
			isa = XCSwiftPackageProductDependency;
			package = DD8D92FD2B7AE9D3002CD39C /* XCRemoteSwiftPackageReference "firebase-ios-sdk" */;
			productName = FirebaseFirestoreSwift;
		};
		DD8D931C2B7AE9D3002CD39C /* FirebaseFunctions */ = {
			isa = XCSwiftPackageProductDependency;
			package = DD8D92FD2B7AE9D3002CD39C /* XCRemoteSwiftPackageReference "firebase-ios-sdk" */;
			productName = FirebaseFunctions;
		};
		DD8D931E2B7AE9D3002CD39C /* FirebaseFunctionsCombine-Community */ = {
			isa = XCSwiftPackageProductDependency;
			package = DD8D92FD2B7AE9D3002CD39C /* XCRemoteSwiftPackageReference "firebase-ios-sdk" */;
			productName = "FirebaseFunctionsCombine-Community";
		};
		DD8D93202B7AE9D3002CD39C /* FirebaseInAppMessaging-Beta */ = {
			isa = XCSwiftPackageProductDependency;
			package = DD8D92FD2B7AE9D3002CD39C /* XCRemoteSwiftPackageReference "firebase-ios-sdk" */;
			productName = "FirebaseInAppMessaging-Beta";
		};
		DD8D93222B7AE9D3002CD39C /* FirebaseInAppMessagingSwift-Beta */ = {
			isa = XCSwiftPackageProductDependency;
			package = DD8D92FD2B7AE9D3002CD39C /* XCRemoteSwiftPackageReference "firebase-ios-sdk" */;
			productName = "FirebaseInAppMessagingSwift-Beta";
		};
		DD8D93242B7AE9D3002CD39C /* FirebaseInstallations */ = {
			isa = XCSwiftPackageProductDependency;
			package = DD8D92FD2B7AE9D3002CD39C /* XCRemoteSwiftPackageReference "firebase-ios-sdk" */;
			productName = FirebaseInstallations;
		};
		DD8D93262B7AE9D3002CD39C /* FirebaseMLModelDownloader */ = {
			isa = XCSwiftPackageProductDependency;
			package = DD8D92FD2B7AE9D3002CD39C /* XCRemoteSwiftPackageReference "firebase-ios-sdk" */;
			productName = FirebaseMLModelDownloader;
		};
		DD8D93282B7AE9D3002CD39C /* FirebaseMessaging */ = {
			isa = XCSwiftPackageProductDependency;
			package = DD8D92FD2B7AE9D3002CD39C /* XCRemoteSwiftPackageReference "firebase-ios-sdk" */;
			productName = FirebaseMessaging;
		};
		DD8D932A2B7AE9D3002CD39C /* FirebasePerformance */ = {
			isa = XCSwiftPackageProductDependency;
			package = DD8D92FD2B7AE9D3002CD39C /* XCRemoteSwiftPackageReference "firebase-ios-sdk" */;
			productName = FirebasePerformance;
		};
		DD8D932C2B7AE9D3002CD39C /* FirebaseRemoteConfig */ = {
			isa = XCSwiftPackageProductDependency;
			package = DD8D92FD2B7AE9D3002CD39C /* XCRemoteSwiftPackageReference "firebase-ios-sdk" */;
			productName = FirebaseRemoteConfig;
		};
		DD8D932E2B7AE9D3002CD39C /* FirebaseRemoteConfigSwift */ = {
			isa = XCSwiftPackageProductDependency;
			package = DD8D92FD2B7AE9D3002CD39C /* XCRemoteSwiftPackageReference "firebase-ios-sdk" */;
			productName = FirebaseRemoteConfigSwift;
		};
		DD8D93302B7AE9D3002CD39C /* FirebaseStorage */ = {
			isa = XCSwiftPackageProductDependency;
			package = DD8D92FD2B7AE9D3002CD39C /* XCRemoteSwiftPackageReference "firebase-ios-sdk" */;
			productName = FirebaseStorage;
		};
		DD8D93322B7AE9D3002CD39C /* FirebaseStorageCombine-Community */ = {
			isa = XCSwiftPackageProductDependency;
			package = DD8D92FD2B7AE9D3002CD39C /* XCRemoteSwiftPackageReference "firebase-ios-sdk" */;
			productName = "FirebaseStorageCombine-Community";
		};
/* End XCSwiftPackageProductDependency section */
	};
	rootObject = DD47B64E2B687989000B9BBD /* Project object */;
}
