// !$*UTF8*$!
{
	archiveVersion = 1;
	classes = {
	};
	objectVersion = 54;
	objects = {

/* Begin PBXBuildFile section */
		DD8495182BDE001400277F05 /* FollowingViewController.swift in Sources */ = {isa = PBXBuildFile; fileRef = DD8495172BDE001400277F05 /* FollowingViewController.swift */; };
		DD8BB22E2BCF00650089194C /* AppDelegate.swift in Sources */ = {isa = PBXBuildFile; fileRef = DD8BB21E2BCF00640089194C /* AppDelegate.swift */; };
		DD8BB22F2BCF00650089194C /* ExploreViewController.swift in Sources */ = {isa = PBXBuildFile; fileRef = DD8BB21F2BCF00640089194C /* ExploreViewController.swift */; };
		DD8BB2302BCF00650089194C /* Launch Screen.storyboard in Resources */ = {isa = PBXBuildFile; fileRef = DD8BB2202BCF00640089194C /* Launch Screen.storyboard */; };
		DD8BB2322BCF00650089194C /* Assets.xcassets in Resources */ = {isa = PBXBuildFile; fileRef = DD8BB2242BCF00640089194C /* Assets.xcassets */; };
		DD8BB2332BCF00650089194C /* CameraView.swift in Sources */ = {isa = PBXBuildFile; fileRef = DD8BB2262BCF00640089194C /* CameraView.swift */; };
		DD8BB2352BCF00650089194C /* LogInView.swift in Sources */ = {isa = PBXBuildFile; fileRef = DD8BB2282BCF00640089194C /* LogInView.swift */; };
		DD8BB2362BCF00650089194C /* HandGestureProcessor.swift in Sources */ = {isa = PBXBuildFile; fileRef = DD8BB2292BCF00640089194C /* HandGestureProcessor.swift */; };
		DD8BB2372BCF00650089194C /* ProfileViewController.swift in Sources */ = {isa = PBXBuildFile; fileRef = DD8BB22A2BCF00650089194C /* ProfileViewController.swift */; };
		DD8BB2382BCF00650089194C /* CameraViewController.swift in Sources */ = {isa = PBXBuildFile; fileRef = DD8BB22B2BCF00650089194C /* CameraViewController.swift */; };
		DD8BB2392BCF00650089194C /* SceneDelegate.swift in Sources */ = {isa = PBXBuildFile; fileRef = DD8BB22C2BCF00650089194C /* SceneDelegate.swift */; };
		DD8BB23A2BCF00650089194C /* SignUpView.swift in Sources */ = {isa = PBXBuildFile; fileRef = DD8BB22D2BCF00650089194C /* SignUpView.swift */; };
		DD8D92FC2B7AE878002CD39C /* GoogleService-Info.plist in Resources */ = {isa = PBXBuildFile; fileRef = DD8D92FB2B7AE878002CD39C /* GoogleService-Info.plist */; };
		DD8D92FF2B7AE9D3002CD39C /* FirebaseAnalytics in Frameworks */ = {isa = PBXBuildFile; productRef = DD8D92FE2B7AE9D3002CD39C /* FirebaseAnalytics */; };
		DD8D93012B7AE9D3002CD39C /* FirebaseAnalyticsOnDeviceConversion in Frameworks */ = {isa = PBXBuildFile; productRef = DD8D93002B7AE9D3002CD39C /* FirebaseAnalyticsOnDeviceConversion */; };
		DD8D93032B7AE9D3002CD39C /* FirebaseAnalyticsSwift in Frameworks */ = {isa = PBXBuildFile; productRef = DD8D93022B7AE9D3002CD39C /* FirebaseAnalyticsSwift */; };
		DD8D93052B7AE9D3002CD39C /* FirebaseAnalyticsWithoutAdIdSupport in Frameworks */ = {isa = PBXBuildFile; productRef = DD8D93042B7AE9D3002CD39C /* FirebaseAnalyticsWithoutAdIdSupport */; };
		DD8D93072B7AE9D3002CD39C /* FirebaseAppCheck in Frameworks */ = {isa = PBXBuildFile; productRef = DD8D93062B7AE9D3002CD39C /* FirebaseAppCheck */; };
		DD8D93092B7AE9D3002CD39C /* FirebaseAppDistribution-Beta in Frameworks */ = {isa = PBXBuildFile; productRef = DD8D93082B7AE9D3002CD39C /* FirebaseAppDistribution-Beta */; };
		DD8D930B2B7AE9D3002CD39C /* FirebaseAuth in Frameworks */ = {isa = PBXBuildFile; productRef = DD8D930A2B7AE9D3002CD39C /* FirebaseAuth */; };
		DD8D930D2B7AE9D3002CD39C /* FirebaseAuthCombine-Community in Frameworks */ = {isa = PBXBuildFile; productRef = DD8D930C2B7AE9D3002CD39C /* FirebaseAuthCombine-Community */; };
		DD8D930F2B7AE9D3002CD39C /* FirebaseCrashlytics in Frameworks */ = {isa = PBXBuildFile; productRef = DD8D930E2B7AE9D3002CD39C /* FirebaseCrashlytics */; };
		DD8D93112B7AE9D3002CD39C /* FirebaseDatabase in Frameworks */ = {isa = PBXBuildFile; productRef = DD8D93102B7AE9D3002CD39C /* FirebaseDatabase */; };
		DD8D93132B7AE9D3002CD39C /* FirebaseDatabaseSwift in Frameworks */ = {isa = PBXBuildFile; productRef = DD8D93122B7AE9D3002CD39C /* FirebaseDatabaseSwift */; };
		DD8D93152B7AE9D3002CD39C /* FirebaseDynamicLinks in Frameworks */ = {isa = PBXBuildFile; productRef = DD8D93142B7AE9D3002CD39C /* FirebaseDynamicLinks */; };
		DD8D93172B7AE9D3002CD39C /* FirebaseFirestore in Frameworks */ = {isa = PBXBuildFile; productRef = DD8D93162B7AE9D3002CD39C /* FirebaseFirestore */; };
		DD8D93192B7AE9D3002CD39C /* FirebaseFirestoreCombine-Community in Frameworks */ = {isa = PBXBuildFile; productRef = DD8D93182B7AE9D3002CD39C /* FirebaseFirestoreCombine-Community */; };
		DD8D931B2B7AE9D3002CD39C /* FirebaseFirestoreSwift in Frameworks */ = {isa = PBXBuildFile; productRef = DD8D931A2B7AE9D3002CD39C /* FirebaseFirestoreSwift */; };
		DD8D931D2B7AE9D3002CD39C /* FirebaseFunctions in Frameworks */ = {isa = PBXBuildFile; productRef = DD8D931C2B7AE9D3002CD39C /* FirebaseFunctions */; };
		DD8D931F2B7AE9D3002CD39C /* FirebaseFunctionsCombine-Community in Frameworks */ = {isa = PBXBuildFile; productRef = DD8D931E2B7AE9D3002CD39C /* FirebaseFunctionsCombine-Community */; };
		DD8D93212B7AE9D3002CD39C /* FirebaseInAppMessaging-Beta in Frameworks */ = {isa = PBXBuildFile; productRef = DD8D93202B7AE9D3002CD39C /* FirebaseInAppMessaging-Beta */; };
		DD8D93232B7AE9D3002CD39C /* FirebaseInAppMessagingSwift-Beta in Frameworks */ = {isa = PBXBuildFile; productRef = DD8D93222B7AE9D3002CD39C /* FirebaseInAppMessagingSwift-Beta */; };
		DD8D93252B7AE9D3002CD39C /* FirebaseInstallations in Frameworks */ = {isa = PBXBuildFile; productRef = DD8D93242B7AE9D3002CD39C /* FirebaseInstallations */; };
		DD8D93272B7AE9D3002CD39C /* FirebaseMLModelDownloader in Frameworks */ = {isa = PBXBuildFile; productRef = DD8D93262B7AE9D3002CD39C /* FirebaseMLModelDownloader */; };
		DD8D93292B7AE9D3002CD39C /* FirebaseMessaging in Frameworks */ = {isa = PBXBuildFile; productRef = DD8D93282B7AE9D3002CD39C /* FirebaseMessaging */; };
		DD8D932B2B7AE9D3002CD39C /* FirebasePerformance in Frameworks */ = {isa = PBXBuildFile; productRef = DD8D932A2B7AE9D3002CD39C /* FirebasePerformance */; };
		DD8D932D2B7AE9D3002CD39C /* FirebaseRemoteConfig in Frameworks */ = {isa = PBXBuildFile; productRef = DD8D932C2B7AE9D3002CD39C /* FirebaseRemoteConfig */; };
		DD8D932F2B7AE9D3002CD39C /* FirebaseRemoteConfigSwift in Frameworks */ = {isa = PBXBuildFile; productRef = DD8D932E2B7AE9D3002CD39C /* FirebaseRemoteConfigSwift */; };
		DD8D93312B7AE9D3002CD39C /* FirebaseStorage in Frameworks */ = {isa = PBXBuildFile; productRef = DD8D93302B7AE9D3002CD39C /* FirebaseStorage */; };
		DD8D93332B7AE9D3002CD39C /* FirebaseStorageCombine-Community in Frameworks */ = {isa = PBXBuildFile; productRef = DD8D93322B7AE9D3002CD39C /* FirebaseStorageCombine-Community */; };
		DDA93F662BD9EEF7008B7708 /* SavedViewController.swift in Sources */ = {isa = PBXBuildFile; fileRef = DDF5178E2BD8467C00A1F3EF /* SavedViewController.swift */; };
		DDF5178D2BCF139D00A1F3EF /* Main.storyboard in Resources */ = {isa = PBXBuildFile; fileRef = DD8BB2212BCF00640089194C /* Main.storyboard */; };
/* End PBXBuildFile section */

/* Begin PBXFileReference section */
		72CC35B8245EF9E709BBCA67 /* SampleCode.xcconfig */ = {isa = PBXFileReference; lastKnownFileType = text.xcconfig; name = SampleCode.xcconfig; path = ../Configuration/SampleCode.xcconfig; sourceTree = "<group>"; };
		DD8495172BDE001400277F05 /* FollowingViewController.swift */ = {isa = PBXFileReference; lastKnownFileType = sourcecode.swift; name = FollowingViewController.swift; path = nailARt/FollowingViewController.swift; sourceTree = SOURCE_ROOT; };
		DD8BB21C2BCEFF620089194C /* nailARt.app */ = {isa = PBXFileReference; explicitFileType = wrapper.application; includeInIndex = 0; path = nailARt.app; sourceTree = BUILT_PRODUCTS_DIR; };
		DD8BB21E2BCF00640089194C /* AppDelegate.swift */ = {isa = PBXFileReference; fileEncoding = 4; lastKnownFileType = sourcecode.swift; name = AppDelegate.swift; path = nailARt/AppDelegate.swift; sourceTree = SOURCE_ROOT; };
		DD8BB21F2BCF00640089194C /* ExploreViewController.swift */ = {isa = PBXFileReference; fileEncoding = 4; lastKnownFileType = sourcecode.swift; name = ExploreViewController.swift; path = nailARt/ExploreViewController.swift; sourceTree = SOURCE_ROOT; };
		DD8BB2202BCF00640089194C /* Launch Screen.storyboard */ = {isa = PBXFileReference; fileEncoding = 4; lastKnownFileType = file.storyboard; name = "Launch Screen.storyboard"; path = "nailARt/Launch Screen.storyboard"; sourceTree = SOURCE_ROOT; };
		DD8BB2212BCF00640089194C /* Main.storyboard */ = {isa = PBXFileReference; lastKnownFileType = file.storyboard; path = Main.storyboard; sourceTree = "<group>"; };
		DD8BB2242BCF00640089194C /* Assets.xcassets */ = {isa = PBXFileReference; lastKnownFileType = folder.assetcatalog; name = Assets.xcassets; path = nailARt/Assets.xcassets; sourceTree = SOURCE_ROOT; };
		DD8BB2252BCF00640089194C /* nailARt.entitlements */ = {isa = PBXFileReference; fileEncoding = 4; lastKnownFileType = text.plist.entitlements; name = nailARt.entitlements; path = nailARt/nailARt.entitlements; sourceTree = SOURCE_ROOT; };
		DD8BB2262BCF00640089194C /* CameraView.swift */ = {isa = PBXFileReference; fileEncoding = 4; lastKnownFileType = sourcecode.swift; name = CameraView.swift; path = nailARt/CameraView.swift; sourceTree = SOURCE_ROOT; };
		DD8BB2272BCF00640089194C /* Info.plist */ = {isa = PBXFileReference; fileEncoding = 4; lastKnownFileType = text.plist.xml; name = Info.plist; path = nailARt/Info.plist; sourceTree = SOURCE_ROOT; };
		DD8BB2282BCF00640089194C /* LogInView.swift */ = {isa = PBXFileReference; fileEncoding = 4; lastKnownFileType = sourcecode.swift; name = LogInView.swift; path = nailARt/LogInView.swift; sourceTree = SOURCE_ROOT; };
		DD8BB2292BCF00640089194C /* HandGestureProcessor.swift */ = {isa = PBXFileReference; fileEncoding = 4; lastKnownFileType = sourcecode.swift; name = HandGestureProcessor.swift; path = nailARt/HandGestureProcessor.swift; sourceTree = SOURCE_ROOT; };
		DD8BB22A2BCF00650089194C /* ProfileViewController.swift */ = {isa = PBXFileReference; fileEncoding = 4; lastKnownFileType = sourcecode.swift; name = ProfileViewController.swift; path = nailARt/ProfileViewController.swift; sourceTree = SOURCE_ROOT; };
		DD8BB22B2BCF00650089194C /* CameraViewController.swift */ = {isa = PBXFileReference; fileEncoding = 4; lastKnownFileType = sourcecode.swift; name = CameraViewController.swift; path = nailARt/CameraViewController.swift; sourceTree = SOURCE_ROOT; };
		DD8BB22C2BCF00650089194C /* SceneDelegate.swift */ = {isa = PBXFileReference; fileEncoding = 4; lastKnownFileType = sourcecode.swift; name = SceneDelegate.swift; path = nailARt/SceneDelegate.swift; sourceTree = SOURCE_ROOT; };
		DD8BB22D2BCF00650089194C /* SignUpView.swift */ = {isa = PBXFileReference; fileEncoding = 4; lastKnownFileType = sourcecode.swift; name = SignUpView.swift; path = nailARt/SignUpView.swift; sourceTree = SOURCE_ROOT; };
		DD8D92FB2B7AE878002CD39C /* GoogleService-Info.plist */ = {isa = PBXFileReference; fileEncoding = 4; lastKnownFileType = text.plist.xml; name = "GoogleService-Info.plist"; path = "../GoogleService-Info.plist"; sourceTree = "<group>"; };
		DDF5178E2BD8467C00A1F3EF /* SavedViewController.swift */ = {isa = PBXFileReference; lastKnownFileType = sourcecode.swift; name = SavedViewController.swift; path = nailARt/SavedViewController.swift; sourceTree = SOURCE_ROOT; };
/* End PBXFileReference section */

/* Begin PBXFrameworksBuildPhase section */
		C4EB82E4248AEB7B00CD7D41 /* Frameworks */ = {
			isa = PBXFrameworksBuildPhase;
			buildActionMask = 2147483647;
			files = (
				DD8D93112B7AE9D3002CD39C /* FirebaseDatabase in Frameworks */,
				DD8D931F2B7AE9D3002CD39C /* FirebaseFunctionsCombine-Community in Frameworks */,
				DD8D93172B7AE9D3002CD39C /* FirebaseFirestore in Frameworks */,
				DD8D93032B7AE9D3002CD39C /* FirebaseAnalyticsSwift in Frameworks */,
				DD8D92FF2B7AE9D3002CD39C /* FirebaseAnalytics in Frameworks */,
				DD8D93012B7AE9D3002CD39C /* FirebaseAnalyticsOnDeviceConversion in Frameworks */,
				DD8D93272B7AE9D3002CD39C /* FirebaseMLModelDownloader in Frameworks */,
				DD8D931B2B7AE9D3002CD39C /* FirebaseFirestoreSwift in Frameworks */,
				DD8D93072B7AE9D3002CD39C /* FirebaseAppCheck in Frameworks */,
				DD8D93052B7AE9D3002CD39C /* FirebaseAnalyticsWithoutAdIdSupport in Frameworks */,
				DD8D930B2B7AE9D3002CD39C /* FirebaseAuth in Frameworks */,
				DD8D930F2B7AE9D3002CD39C /* FirebaseCrashlytics in Frameworks */,
				DD8D932F2B7AE9D3002CD39C /* FirebaseRemoteConfigSwift in Frameworks */,
				DD8D93212B7AE9D3002CD39C /* FirebaseInAppMessaging-Beta in Frameworks */,
				DD8D93132B7AE9D3002CD39C /* FirebaseDatabaseSwift in Frameworks */,
				DD8D931D2B7AE9D3002CD39C /* FirebaseFunctions in Frameworks */,
				DD8D93332B7AE9D3002CD39C /* FirebaseStorageCombine-Community in Frameworks */,
				DD8D932D2B7AE9D3002CD39C /* FirebaseRemoteConfig in Frameworks */,
				DD8D93092B7AE9D3002CD39C /* FirebaseAppDistribution-Beta in Frameworks */,
				DD8D930D2B7AE9D3002CD39C /* FirebaseAuthCombine-Community in Frameworks */,
				DD8D932B2B7AE9D3002CD39C /* FirebasePerformance in Frameworks */,
				DD8D93232B7AE9D3002CD39C /* FirebaseInAppMessagingSwift-Beta in Frameworks */,
				DD8D93312B7AE9D3002CD39C /* FirebaseStorage in Frameworks */,
				DD8D93152B7AE9D3002CD39C /* FirebaseDynamicLinks in Frameworks */,
				DD8D93192B7AE9D3002CD39C /* FirebaseFirestoreCombine-Community in Frameworks */,
				DD8D93292B7AE9D3002CD39C /* FirebaseMessaging in Frameworks */,
				DD8D93252B7AE9D3002CD39C /* FirebaseInstallations in Frameworks */,
			);
			runOnlyForDeploymentPostprocessing = 0;
		};
/* End PBXFrameworksBuildPhase section */

/* Begin PBXGroup section */
		DD8BB21A2BCEFF620089194C /* /Users/mchaauuu/Desktop/mergingnails/nailARt/nailARt/nailARt.xcodeproj */ = {
			isa = PBXGroup;
			children = (
				DD8BB21B2BCEFF620089194C /* Recovered References */,
				DD8BB21D2BCEFF620089194C /* Products */,
			);
			path = /Users/mchaauuu/Desktop/mergingnails/nailARt/nailARt/nailARt.xcodeproj;
			sourceTree = "<absolute>";
		};
		DD8BB21B2BCEFF620089194C /* Recovered References */ = {
			isa = PBXGroup;
			children = (
				DD8BB2242BCF00640089194C /* Assets.xcassets */,
				DD8BB21E2BCF00640089194C /* AppDelegate.swift */,
				DD8BB2262BCF00640089194C /* CameraView.swift */,
				DD8BB22B2BCF00650089194C /* CameraViewController.swift */,
				DD8BB21F2BCF00640089194C /* ExploreViewController.swift */,
				DD8495172BDE001400277F05 /* FollowingViewController.swift */,
				DD8BB2292BCF00640089194C /* HandGestureProcessor.swift */,
				DD8BB2282BCF00640089194C /* LogInView.swift */,
				DD8BB22A2BCF00650089194C /* ProfileViewController.swift */,
				DD8BB22C2BCF00650089194C /* SceneDelegate.swift */,
				DD8BB22D2BCF00650089194C /* SignUpView.swift */,
				DDF5178E2BD8467C00A1F3EF /* SavedViewController.swift */,
				DD8BB2212BCF00640089194C /* Main.storyboard */,
				DD8BB2202BCF00640089194C /* Launch Screen.storyboard */,
				DD8BB2252BCF00640089194C /* nailARt.entitlements */,
				DD8D92FB2B7AE878002CD39C /* GoogleService-Info.plist */,
				DD8BB2272BCF00640089194C /* Info.plist */,
				72CC35B8245EF9E709BBCA67 /* SampleCode.xcconfig */,
			);
			name = "Recovered References";
			sourceTree = "<group>";
		};
		DD8BB21D2BCEFF620089194C /* Products */ = {
			isa = PBXGroup;
			children = (
				DD8BB21C2BCEFF620089194C /* nailARt.app */,
			);
			name = Products;
			sourceTree = "<group>";
		};
/* End PBXGroup section */

/* Begin PBXNativeTarget section */
		C4EB82E6248AEB7B00CD7D41 /* nailARt */ = {
			isa = PBXNativeTarget;
			buildConfigurationList = C4EB82FB248AEB7B00CD7D41 /* Build configuration list for PBXNativeTarget "nailARt" */;
			buildPhases = (
				C4EB82E3248AEB7B00CD7D41 /* Sources */,
				C4EB82E4248AEB7B00CD7D41 /* Frameworks */,
				C4EB82E5248AEB7B00CD7D41 /* Resources */,
			);
			buildRules = (
			);
			dependencies = (
			);
			name = nailARt;
			packageProductDependencies = (
				DD8D92FE2B7AE9D3002CD39C /* FirebaseAnalytics */,
				DD8D93002B7AE9D3002CD39C /* FirebaseAnalyticsOnDeviceConversion */,
				DD8D93022B7AE9D3002CD39C /* FirebaseAnalyticsSwift */,
				DD8D93042B7AE9D3002CD39C /* FirebaseAnalyticsWithoutAdIdSupport */,
				DD8D93062B7AE9D3002CD39C /* FirebaseAppCheck */,
				DD8D93082B7AE9D3002CD39C /* FirebaseAppDistribution-Beta */,
				DD8D930A2B7AE9D3002CD39C /* FirebaseAuth */,
				DD8D930C2B7AE9D3002CD39C /* FirebaseAuthCombine-Community */,
				DD8D930E2B7AE9D3002CD39C /* FirebaseCrashlytics */,
				DD8D93102B7AE9D3002CD39C /* FirebaseDatabase */,
				DD8D93122B7AE9D3002CD39C /* FirebaseDatabaseSwift */,
				DD8D93142B7AE9D3002CD39C /* FirebaseDynamicLinks */,
				DD8D93162B7AE9D3002CD39C /* FirebaseFirestore */,
				DD8D93182B7AE9D3002CD39C /* FirebaseFirestoreCombine-Community */,
				DD8D931A2B7AE9D3002CD39C /* FirebaseFirestoreSwift */,
				DD8D931C2B7AE9D3002CD39C /* FirebaseFunctions */,
				DD8D931E2B7AE9D3002CD39C /* FirebaseFunctionsCombine-Community */,
				DD8D93202B7AE9D3002CD39C /* FirebaseInAppMessaging-Beta */,
				DD8D93222B7AE9D3002CD39C /* FirebaseInAppMessagingSwift-Beta */,
				DD8D93242B7AE9D3002CD39C /* FirebaseInstallations */,
				DD8D93262B7AE9D3002CD39C /* FirebaseMLModelDownloader */,
				DD8D93282B7AE9D3002CD39C /* FirebaseMessaging */,
				DD8D932A2B7AE9D3002CD39C /* FirebasePerformance */,
				DD8D932C2B7AE9D3002CD39C /* FirebaseRemoteConfig */,
				DD8D932E2B7AE9D3002CD39C /* FirebaseRemoteConfigSwift */,
				DD8D93302B7AE9D3002CD39C /* FirebaseStorage */,
				DD8D93322B7AE9D3002CD39C /* FirebaseStorageCombine-Community */,
			);
			productName = nailARt;
			productReference = DD8BB21C2BCEFF620089194C /* nailARt.app */;
			productType = "com.apple.product-type.application";
		};
/* End PBXNativeTarget section */

/* Begin PBXProject section */
		C4EB82DF248AEB7B00CD7D41 /* Project object */ = {
			isa = PBXProject;
			attributes = {
				LastSwiftUpdateCheck = 1200;
				LastUpgradeCheck = 1200;
				ORGANIZATIONNAME = Apple;
				TargetAttributes = {
					C4EB82E6248AEB7B00CD7D41 = {
						CreatedOnToolsVersion = 12.0;
					};
				};
			};
			buildConfigurationList = C4EB82E2248AEB7B00CD7D41 /* Build configuration list for PBXProject "nailARt" */;
			compatibilityVersion = "Xcode 9.3";
			developmentRegion = en;
			hasScannedForEncodings = 0;
			knownRegions = (
				en,
				Base,
			);
			mainGroup = DD8BB21A2BCEFF620089194C /* /Users/mchaauuu/Desktop/mergingnails/nailARt/nailARt/nailARt.xcodeproj */;
			packageReferences = (
				DD8D92FD2B7AE9D3002CD39C /* XCRemoteSwiftPackageReference "firebase-ios-sdk" */,
			);
			productRefGroup = DD8BB21D2BCEFF620089194C /* Products */;
			projectDirPath = "";
			projectRoot = "";
			targets = (
				C4EB82E6248AEB7B00CD7D41 /* nailARt */,
			);
		};
/* End PBXProject section */

/* Begin PBXResourcesBuildPhase section */
		C4EB82E5248AEB7B00CD7D41 /* Resources */ = {
			isa = PBXResourcesBuildPhase;
			buildActionMask = 2147483647;
			files = (
				DDF5178D2BCF139D00A1F3EF /* Main.storyboard in Resources */,
				DD8BB2302BCF00650089194C /* Launch Screen.storyboard in Resources */,
				DD8D92FC2B7AE878002CD39C /* GoogleService-Info.plist in Resources */,
				DD8BB2322BCF00650089194C /* Assets.xcassets in Resources */,
			);
			runOnlyForDeploymentPostprocessing = 0;
		};
/* End PBXResourcesBuildPhase section */

/* Begin PBXSourcesBuildPhase section */
		C4EB82E3248AEB7B00CD7D41 /* Sources */ = {
			isa = PBXSourcesBuildPhase;
			buildActionMask = 2147483647;
			files = (
				DD8BB22E2BCF00650089194C /* AppDelegate.swift in Sources */,
				DD8BB2332BCF00650089194C /* CameraView.swift in Sources */,
				DD8BB2382BCF00650089194C /* CameraViewController.swift in Sources */,
				DD8BB23A2BCF00650089194C /* SignUpView.swift in Sources */,
				DD8BB2372BCF00650089194C /* ProfileViewController.swift in Sources */,
				DD8495182BDE001400277F05 /* FollowingViewController.swift in Sources */,
				DD8BB2352BCF00650089194C /* LogInView.swift in Sources */,
				DD8BB2392BCF00650089194C /* SceneDelegate.swift in Sources */,
				DD8BB2362BCF00650089194C /* HandGestureProcessor.swift in Sources */,
				DDA93F662BD9EEF7008B7708 /* SavedViewController.swift in Sources */,
				DD8BB22F2BCF00650089194C /* ExploreViewController.swift in Sources */,
			);
			runOnlyForDeploymentPostprocessing = 0;
		};
/* End PBXSourcesBuildPhase section */

/* Begin XCBuildConfiguration section */
		C4EB82F9248AEB7B00CD7D41 /* Debug */ = {
			isa = XCBuildConfiguration;
			baseConfigurationReference = 72CC35B8245EF9E709BBCA67 /* SampleCode.xcconfig */;
			buildSettings = {
				ALWAYS_SEARCH_USER_PATHS = NO;
				CLANG_ANALYZER_NONNULL = YES;
				CLANG_ANALYZER_NUMBER_OBJECT_CONVERSION = YES_AGGRESSIVE;
				CLANG_CXX_LANGUAGE_STANDARD = "gnu++14";
				CLANG_CXX_LIBRARY = "libc++";
				CLANG_ENABLE_MODULES = YES;
				CLANG_ENABLE_OBJC_ARC = YES;
				CLANG_ENABLE_OBJC_WEAK = YES;
				CLANG_WARN_BLOCK_CAPTURE_AUTORELEASING = YES;
				CLANG_WARN_BOOL_CONVERSION = YES;
				CLANG_WARN_COMMA = YES;
				CLANG_WARN_CONSTANT_CONVERSION = YES;
				CLANG_WARN_DEPRECATED_OBJC_IMPLEMENTATIONS = YES;
				CLANG_WARN_DIRECT_OBJC_ISA_USAGE = YES_ERROR;
				CLANG_WARN_DOCUMENTATION_COMMENTS = YES;
				CLANG_WARN_EMPTY_BODY = YES;
				CLANG_WARN_ENUM_CONVERSION = YES;
				CLANG_WARN_INFINITE_RECURSION = YES;
				CLANG_WARN_INT_CONVERSION = YES;
				CLANG_WARN_NON_LITERAL_NULL_CONVERSION = YES;
				CLANG_WARN_OBJC_IMPLICIT_RETAIN_SELF = YES;
				CLANG_WARN_OBJC_LITERAL_CONVERSION = YES;
				CLANG_WARN_OBJC_ROOT_CLASS = YES_ERROR;
				CLANG_WARN_QUOTED_INCLUDE_IN_FRAMEWORK_HEADER = YES;
				CLANG_WARN_RANGE_LOOP_ANALYSIS = YES;
				CLANG_WARN_STRICT_PROTOTYPES = YES;
				CLANG_WARN_SUSPICIOUS_MOVE = YES;
				CLANG_WARN_UNGUARDED_AVAILABILITY = YES_AGGRESSIVE;
				CLANG_WARN_UNREACHABLE_CODE = YES;
				CLANG_WARN__DUPLICATE_METHOD_MATCH = YES;
				COPY_PHASE_STRIP = NO;
				DEBUG_INFORMATION_FORMAT = dwarf;
				ENABLE_STRICT_OBJC_MSGSEND = YES;
				ENABLE_TESTABILITY = YES;
				GCC_C_LANGUAGE_STANDARD = gnu11;
				GCC_DYNAMIC_NO_PIC = NO;
				GCC_NO_COMMON_BLOCKS = YES;
				GCC_OPTIMIZATION_LEVEL = 0;
				GCC_PREPROCESSOR_DEFINITIONS = (
					"DEBUG=1",
					"$(inherited)",
				);
				GCC_WARN_64_TO_32_BIT_CONVERSION = YES;
				GCC_WARN_ABOUT_RETURN_TYPE = YES_ERROR;
				GCC_WARN_UNDECLARED_SELECTOR = YES;
				GCC_WARN_UNINITIALIZED_AUTOS = YES_AGGRESSIVE;
				GCC_WARN_UNUSED_FUNCTION = YES;
				GCC_WARN_UNUSED_VARIABLE = YES;
				IPHONEOS_DEPLOYMENT_TARGET = 14.0;
				MTL_ENABLE_DEBUG_INFO = INCLUDE_SOURCE;
				MTL_FAST_MATH = YES;
				ONLY_ACTIVE_ARCH = YES;
				SDKROOT = iphoneos;
				SWIFT_ACTIVE_COMPILATION_CONDITIONS = DEBUG;
				SWIFT_OPTIMIZATION_LEVEL = "-Onone";
			};
			name = Debug;
		};
		C4EB82FA248AEB7B00CD7D41 /* Release */ = {
			isa = XCBuildConfiguration;
			baseConfigurationReference = 72CC35B8245EF9E709BBCA67 /* SampleCode.xcconfig */;
			buildSettings = {
				ALWAYS_SEARCH_USER_PATHS = NO;
				CLANG_ANALYZER_NONNULL = YES;
				CLANG_ANALYZER_NUMBER_OBJECT_CONVERSION = YES_AGGRESSIVE;
				CLANG_CXX_LANGUAGE_STANDARD = "gnu++14";
				CLANG_CXX_LIBRARY = "libc++";
				CLANG_ENABLE_MODULES = YES;
				CLANG_ENABLE_OBJC_ARC = YES;
				CLANG_ENABLE_OBJC_WEAK = YES;
				CLANG_WARN_BLOCK_CAPTURE_AUTORELEASING = YES;
				CLANG_WARN_BOOL_CONVERSION = YES;
				CLANG_WARN_COMMA = YES;
				CLANG_WARN_CONSTANT_CONVERSION = YES;
				CLANG_WARN_DEPRECATED_OBJC_IMPLEMENTATIONS = YES;
				CLANG_WARN_DIRECT_OBJC_ISA_USAGE = YES_ERROR;
				CLANG_WARN_DOCUMENTATION_COMMENTS = YES;
				CLANG_WARN_EMPTY_BODY = YES;
				CLANG_WARN_ENUM_CONVERSION = YES;
				CLANG_WARN_INFINITE_RECURSION = YES;
				CLANG_WARN_INT_CONVERSION = YES;
				CLANG_WARN_NON_LITERAL_NULL_CONVERSION = YES;
				CLANG_WARN_OBJC_IMPLICIT_RETAIN_SELF = YES;
				CLANG_WARN_OBJC_LITERAL_CONVERSION = YES;
				CLANG_WARN_OBJC_ROOT_CLASS = YES_ERROR;
				CLANG_WARN_QUOTED_INCLUDE_IN_FRAMEWORK_HEADER = YES;
				CLANG_WARN_RANGE_LOOP_ANALYSIS = YES;
				CLANG_WARN_STRICT_PROTOTYPES = YES;
				CLANG_WARN_SUSPICIOUS_MOVE = YES;
				CLANG_WARN_UNGUARDED_AVAILABILITY = YES_AGGRESSIVE;
				CLANG_WARN_UNREACHABLE_CODE = YES;
				CLANG_WARN__DUPLICATE_METHOD_MATCH = YES;
				COPY_PHASE_STRIP = NO;
				DEBUG_INFORMATION_FORMAT = "dwarf-with-dsym";
				ENABLE_NS_ASSERTIONS = NO;
				ENABLE_STRICT_OBJC_MSGSEND = YES;
				GCC_C_LANGUAGE_STANDARD = gnu11;
				GCC_NO_COMMON_BLOCKS = YES;
				GCC_WARN_64_TO_32_BIT_CONVERSION = YES;
				GCC_WARN_ABOUT_RETURN_TYPE = YES_ERROR;
				GCC_WARN_UNDECLARED_SELECTOR = YES;
				GCC_WARN_UNINITIALIZED_AUTOS = YES_AGGRESSIVE;
				GCC_WARN_UNUSED_FUNCTION = YES;
				GCC_WARN_UNUSED_VARIABLE = YES;
				IPHONEOS_DEPLOYMENT_TARGET = 14.0;
				MTL_ENABLE_DEBUG_INFO = NO;
				MTL_FAST_MATH = YES;
				SDKROOT = iphoneos;
				SWIFT_COMPILATION_MODE = wholemodule;
				SWIFT_OPTIMIZATION_LEVEL = "-O";
				VALIDATE_PRODUCT = YES;
			};
			name = Release;
		};
		C4EB82FC248AEB7B00CD7D41 /* Debug */ = {
			isa = XCBuildConfiguration;
			baseConfigurationReference = 72CC35B8245EF9E709BBCA67 /* SampleCode.xcconfig */;
			buildSettings = {
				ASSETCATALOG_COMPILER_APPICON_NAME = AppIcon;
				ASSETCATALOG_COMPILER_GLOBAL_ACCENT_COLOR_NAME = AccentColor;
				CODE_SIGN_ENTITLEMENTS = nailARt/nailARt.entitlements;
				CODE_SIGN_IDENTITY = "Apple Development";
				"CODE_SIGN_IDENTITY[sdk=macosx*]" = "Apple Development";
				CODE_SIGN_STYLE = Automatic;
				DEVELOPMENT_TEAM = QTJ6GJ4Z9F;
				INFOPLIST_FILE = nailARt/Info.plist;
				LD_RUNPATH_SEARCH_PATHS = (
					"$(inherited)",
					"@executable_path/Frameworks",
				);
				PRODUCT_BUNDLE_IDENTIFIER = "edu.columbia.nailARt-April16";
				PRODUCT_NAME = "$(TARGET_NAME)";
				PROVISIONING_PROFILE_SPECIFIER = "";
				SUPPORTED_PLATFORMS = "iphoneos iphonesimulator";
				SUPPORTS_MACCATALYST = NO;
				SUPPORTS_MAC_DESIGNED_FOR_IPHONE_IPAD = NO;
				SUPPORTS_XR_DESIGNED_FOR_IPHONE_IPAD = NO;
				SWIFT_VERSION = 5.0;
				TARGETED_DEVICE_FAMILY = "1,2";
			};
			name = Debug;
		};
		C4EB82FD248AEB7B00CD7D41 /* Release */ = {
			isa = XCBuildConfiguration;
			baseConfigurationReference = 72CC35B8245EF9E709BBCA67 /* SampleCode.xcconfig */;
			buildSettings = {
				ASSETCATALOG_COMPILER_APPICON_NAME = AppIcon;
				ASSETCATALOG_COMPILER_GLOBAL_ACCENT_COLOR_NAME = AccentColor;
				CODE_SIGN_ENTITLEMENTS = nailARt/nailARt.entitlements;
				CODE_SIGN_IDENTITY = "Apple Development";
				"CODE_SIGN_IDENTITY[sdk=macosx*]" = "Apple Development";
				CODE_SIGN_STYLE = Automatic;
				DEVELOPMENT_TEAM = QTJ6GJ4Z9F;
				INFOPLIST_FILE = nailARt/Info.plist;
				LD_RUNPATH_SEARCH_PATHS = (
					"$(inherited)",
					"@executable_path/Frameworks",
				);
				PRODUCT_BUNDLE_IDENTIFIER = "edu.columbia.nailARt-April16";
				PRODUCT_NAME = "$(TARGET_NAME)";
				PROVISIONING_PROFILE_SPECIFIER = "";
				SUPPORTED_PLATFORMS = "iphoneos iphonesimulator";
				SUPPORTS_MACCATALYST = NO;
				SUPPORTS_MAC_DESIGNED_FOR_IPHONE_IPAD = NO;
				SUPPORTS_XR_DESIGNED_FOR_IPHONE_IPAD = NO;
				SWIFT_VERSION = 5.0;
				TARGETED_DEVICE_FAMILY = "1,2";
			};
			name = Release;
		};
/* End XCBuildConfiguration section */

/* Begin XCConfigurationList section */
		C4EB82E2248AEB7B00CD7D41 /* Build configuration list for PBXProject "nailARt" */ = {
			isa = XCConfigurationList;
			buildConfigurations = (
				C4EB82F9248AEB7B00CD7D41 /* Debug */,
				C4EB82FA248AEB7B00CD7D41 /* Release */,
			);
			defaultConfigurationIsVisible = 0;
			defaultConfigurationName = Release;
		};
		C4EB82FB248AEB7B00CD7D41 /* Build configuration list for PBXNativeTarget "nailARt" */ = {
			isa = XCConfigurationList;
			buildConfigurations = (
				C4EB82FC248AEB7B00CD7D41 /* Debug */,
				C4EB82FD248AEB7B00CD7D41 /* Release */,
			);
			defaultConfigurationIsVisible = 0;
			defaultConfigurationName = Release;
		};
/* End XCConfigurationList section */

/* Begin XCRemoteSwiftPackageReference section */
		DD8D92FD2B7AE9D3002CD39C /* XCRemoteSwiftPackageReference "firebase-ios-sdk" */ = {
			isa = XCRemoteSwiftPackageReference;
			repositoryURL = "https://github.com/firebase/firebase-ios-sdk";
			requirement = {
				kind = upToNextMajorVersion;
				minimumVersion = 10.21.0;
			};
		};
/* End XCRemoteSwiftPackageReference section */

/* Begin XCSwiftPackageProductDependency section */
		DD8D92FE2B7AE9D3002CD39C /* FirebaseAnalytics */ = {
			isa = XCSwiftPackageProductDependency;
			package = DD8D92FD2B7AE9D3002CD39C /* XCRemoteSwiftPackageReference "firebase-ios-sdk" */;
			productName = FirebaseAnalytics;
		};
		DD8D93002B7AE9D3002CD39C /* FirebaseAnalyticsOnDeviceConversion */ = {
			isa = XCSwiftPackageProductDependency;
			package = DD8D92FD2B7AE9D3002CD39C /* XCRemoteSwiftPackageReference "firebase-ios-sdk" */;
			productName = FirebaseAnalyticsOnDeviceConversion;
		};
		DD8D93022B7AE9D3002CD39C /* FirebaseAnalyticsSwift */ = {
			isa = XCSwiftPackageProductDependency;
			package = DD8D92FD2B7AE9D3002CD39C /* XCRemoteSwiftPackageReference "firebase-ios-sdk" */;
			productName = FirebaseAnalyticsSwift;
		};
		DD8D93042B7AE9D3002CD39C /* FirebaseAnalyticsWithoutAdIdSupport */ = {
			isa = XCSwiftPackageProductDependency;
			package = DD8D92FD2B7AE9D3002CD39C /* XCRemoteSwiftPackageReference "firebase-ios-sdk" */;
			productName = FirebaseAnalyticsWithoutAdIdSupport;
		};
		DD8D93062B7AE9D3002CD39C /* FirebaseAppCheck */ = {
			isa = XCSwiftPackageProductDependency;
			package = DD8D92FD2B7AE9D3002CD39C /* XCRemoteSwiftPackageReference "firebase-ios-sdk" */;
			productName = FirebaseAppCheck;
		};
		DD8D93082B7AE9D3002CD39C /* FirebaseAppDistribution-Beta */ = {
			isa = XCSwiftPackageProductDependency;
			package = DD8D92FD2B7AE9D3002CD39C /* XCRemoteSwiftPackageReference "firebase-ios-sdk" */;
			productName = "FirebaseAppDistribution-Beta";
		};
		DD8D930A2B7AE9D3002CD39C /* FirebaseAuth */ = {
			isa = XCSwiftPackageProductDependency;
			package = DD8D92FD2B7AE9D3002CD39C /* XCRemoteSwiftPackageReference "firebase-ios-sdk" */;
			productName = FirebaseAuth;
		};
		DD8D930C2B7AE9D3002CD39C /* FirebaseAuthCombine-Community */ = {
			isa = XCSwiftPackageProductDependency;
			package = DD8D92FD2B7AE9D3002CD39C /* XCRemoteSwiftPackageReference "firebase-ios-sdk" */;
			productName = "FirebaseAuthCombine-Community";
		};
		DD8D930E2B7AE9D3002CD39C /* FirebaseCrashlytics */ = {
			isa = XCSwiftPackageProductDependency;
			package = DD8D92FD2B7AE9D3002CD39C /* XCRemoteSwiftPackageReference "firebase-ios-sdk" */;
			productName = FirebaseCrashlytics;
		};
		DD8D93102B7AE9D3002CD39C /* FirebaseDatabase */ = {
			isa = XCSwiftPackageProductDependency;
			package = DD8D92FD2B7AE9D3002CD39C /* XCRemoteSwiftPackageReference "firebase-ios-sdk" */;
			productName = FirebaseDatabase;
		};
		DD8D93122B7AE9D3002CD39C /* FirebaseDatabaseSwift */ = {
			isa = XCSwiftPackageProductDependency;
			package = DD8D92FD2B7AE9D3002CD39C /* XCRemoteSwiftPackageReference "firebase-ios-sdk" */;
			productName = FirebaseDatabaseSwift;
		};
		DD8D93142B7AE9D3002CD39C /* FirebaseDynamicLinks */ = {
			isa = XCSwiftPackageProductDependency;
			package = DD8D92FD2B7AE9D3002CD39C /* XCRemoteSwiftPackageReference "firebase-ios-sdk" */;
			productName = FirebaseDynamicLinks;
		};
		DD8D93162B7AE9D3002CD39C /* FirebaseFirestore */ = {
			isa = XCSwiftPackageProductDependency;
			package = DD8D92FD2B7AE9D3002CD39C /* XCRemoteSwiftPackageReference "firebase-ios-sdk" */;
			productName = FirebaseFirestore;
		};
		DD8D93182B7AE9D3002CD39C /* FirebaseFirestoreCombine-Community */ = {
			isa = XCSwiftPackageProductDependency;
			package = DD8D92FD2B7AE9D3002CD39C /* XCRemoteSwiftPackageReference "firebase-ios-sdk" */;
			productName = "FirebaseFirestoreCombine-Community";
		};
		DD8D931A2B7AE9D3002CD39C /* FirebaseFirestoreSwift */ = {
			isa = XCSwiftPackageProductDependency;
			package = DD8D92FD2B7AE9D3002CD39C /* XCRemoteSwiftPackageReference "firebase-ios-sdk" */;
			productName = FirebaseFirestoreSwift;
		};
		DD8D931C2B7AE9D3002CD39C /* FirebaseFunctions */ = {
			isa = XCSwiftPackageProductDependency;
			package = DD8D92FD2B7AE9D3002CD39C /* XCRemoteSwiftPackageReference "firebase-ios-sdk" */;
			productName = FirebaseFunctions;
		};
		DD8D931E2B7AE9D3002CD39C /* FirebaseFunctionsCombine-Community */ = {
			isa = XCSwiftPackageProductDependency;
			package = DD8D92FD2B7AE9D3002CD39C /* XCRemoteSwiftPackageReference "firebase-ios-sdk" */;
			productName = "FirebaseFunctionsCombine-Community";
		};
		DD8D93202B7AE9D3002CD39C /* FirebaseInAppMessaging-Beta */ = {
			isa = XCSwiftPackageProductDependency;
			package = DD8D92FD2B7AE9D3002CD39C /* XCRemoteSwiftPackageReference "firebase-ios-sdk" */;
			productName = "FirebaseInAppMessaging-Beta";
		};
		DD8D93222B7AE9D3002CD39C /* FirebaseInAppMessagingSwift-Beta */ = {
			isa = XCSwiftPackageProductDependency;
			package = DD8D92FD2B7AE9D3002CD39C /* XCRemoteSwiftPackageReference "firebase-ios-sdk" */;
			productName = "FirebaseInAppMessagingSwift-Beta";
		};
		DD8D93242B7AE9D3002CD39C /* FirebaseInstallations */ = {
			isa = XCSwiftPackageProductDependency;
			package = DD8D92FD2B7AE9D3002CD39C /* XCRemoteSwiftPackageReference "firebase-ios-sdk" */;
			productName = FirebaseInstallations;
		};
		DD8D93262B7AE9D3002CD39C /* FirebaseMLModelDownloader */ = {
			isa = XCSwiftPackageProductDependency;
			package = DD8D92FD2B7AE9D3002CD39C /* XCRemoteSwiftPackageReference "firebase-ios-sdk" */;
			productName = FirebaseMLModelDownloader;
		};
		DD8D93282B7AE9D3002CD39C /* FirebaseMessaging */ = {
			isa = XCSwiftPackageProductDependency;
			package = DD8D92FD2B7AE9D3002CD39C /* XCRemoteSwiftPackageReference "firebase-ios-sdk" */;
			productName = FirebaseMessaging;
		};
		DD8D932A2B7AE9D3002CD39C /* FirebasePerformance */ = {
			isa = XCSwiftPackageProductDependency;
			package = DD8D92FD2B7AE9D3002CD39C /* XCRemoteSwiftPackageReference "firebase-ios-sdk" */;
			productName = FirebasePerformance;
		};
		DD8D932C2B7AE9D3002CD39C /* FirebaseRemoteConfig */ = {
			isa = XCSwiftPackageProductDependency;
			package = DD8D92FD2B7AE9D3002CD39C /* XCRemoteSwiftPackageReference "firebase-ios-sdk" */;
			productName = FirebaseRemoteConfig;
		};
		DD8D932E2B7AE9D3002CD39C /* FirebaseRemoteConfigSwift */ = {
			isa = XCSwiftPackageProductDependency;
			package = DD8D92FD2B7AE9D3002CD39C /* XCRemoteSwiftPackageReference "firebase-ios-sdk" */;
			productName = FirebaseRemoteConfigSwift;
		};
		DD8D93302B7AE9D3002CD39C /* FirebaseStorage */ = {
			isa = XCSwiftPackageProductDependency;
			package = DD8D92FD2B7AE9D3002CD39C /* XCRemoteSwiftPackageReference "firebase-ios-sdk" */;
			productName = FirebaseStorage;
		};
		DD8D93322B7AE9D3002CD39C /* FirebaseStorageCombine-Community */ = {
			isa = XCSwiftPackageProductDependency;
			package = DD8D92FD2B7AE9D3002CD39C /* XCRemoteSwiftPackageReference "firebase-ios-sdk" */;
			productName = "FirebaseStorageCombine-Community";
		};
/* End XCSwiftPackageProductDependency section */
	};
	rootObject = C4EB82DF248AEB7B00CD7D41 /* Project object */;
}
